
Microsoft Visual Studio Solution File, Format Version 12.00
# Visual Studio Version 17
VisualStudioVersion = 17.6.33801.468
MinimumVisualStudioVersion = 10.0.40219.1
Project("{FAE04EC0-301F-11D3-BF4B-00C04F79EFBC}") = "buildings", "buildings\buildings.csproj", "{BFE5A122-C776-45AC-A677-58B002A6CC54}"
EndProject
Global
	GlobalSection(SolutionConfigurationPlatforms) = preSolution
		Debug|Any CPU = Debug|Any CPU
		Release|Any CPU = Release|Any CPU
	EndGlobalSection
	GlobalSection(ProjectConfigurationPlatforms) = postSolution
		{BFE5A122-C776-45AC-A677-58B002A6CC54}.Debug|Any CPU.ActiveCfg = Debug|Any CPU
		{BFE5A122-C776-45AC-A677-58B002A6CC54}.Debug|Any CPU.Build.0 = Debug|Any CPU
		{BFE5A122-C776-45AC-A677-58B002A6CC54}.Release|Any CPU.ActiveCfg = Release|Any CPU
		{BFE5A122-C776-45AC-A677-58B002A6CC54}.Release|Any CPU.Build.0 = Release|Any CPU
	EndGlobalSection
	GlobalSection(SolutionProperties) = preSolution
		HideSolutionNode = FALSE
	EndGlobalSection
	GlobalSection(ExtensibilityGlobals) = postSolution
		SolutionGuid = {0ECC419E-33AF-4C55-A2A2-AA6D55DEA966}
	EndGlobalSection
EndGlobal
